
Microsoft Visual Studio Solution File, Format Version 12.00
# Visual Studio Version 17
VisualStudioVersion = 17.1.32414.318
MinimumVisualStudioVersion = 10.0.40219.1
Project("{8BC9CEB8-8B4A-11D0-8D11-00A0C91BC942}") = "Strategy1", "Strategy1\Strategy1.vcxproj", "{F8F60317-5F2F-4A89-ABC5-A2C3CB4856EF}"
EndProject
Project("{8BC9CEB8-8B4A-11D0-8D11-00A0C91BC942}") = "Strategy2", "Strategy2\Strategy2.vcxproj", "{DC179D9F-E8C0-427C-8944-3AD108DB4412}"
EndProject
Project("{8BC9CEB8-8B4A-11D0-8D11-00A0C91BC942}") = "ChainOfResponsibility", "ChainOfResponsibility\ChainOfResponsibility.vcxproj", "{B24CD89E-A57B-40AA-9187-5445AC78E573}"
EndProject
Project("{8BC9CEB8-8B4A-11D0-8D11-00A0C91BC942}") = "Bridge", "Bridge\Bridge.vcxproj", "{852369A0-678A-4D2F-9A0A-7400E445DD8C}"
EndProject
Project("{8BC9CEB8-8B4A-11D0-8D11-00A0C91BC942}") = "Singleton", "Singleton\Singleton.vcxproj", "{636D2C5D-9920-4C6E-85C4-41CAC8473FB0}"
EndProject
Project("{8BC9CEB8-8B4A-11D0-8D11-00A0C91BC942}") = "State", "State\State.vcxproj", "{7C8682EE-F5D6-4FFB-B9BA-4A73506FE47B}"
EndProject
Project("{8BC9CEB8-8B4A-11D0-8D11-00A0C91BC942}") = "Proxy", "Proxy\Proxy.vcxproj", "{92EF03C1-A870-46FD-A5D5-65ABEFEA47D4}"
EndProject
Project("{8BC9CEB8-8B4A-11D0-8D11-00A0C91BC942}") = "Decorator", "Decorator\Decorator.vcxproj", "{54309962-8D07-4B14-9127-CE04182E6F7A}"
EndProject
Project("{8BC9CEB8-8B4A-11D0-8D11-00A0C91BC942}") = "Adapter", "Adapter\Adapter.vcxproj", "{0BCFB2B3-9F54-43E7-99F4-5D8C756A6E68}"
EndProject
Project("{8BC9CEB8-8B4A-11D0-8D11-00A0C91BC942}") = "Visitor", "Visitor\Visitor.vcxproj", "{4AC02B92-1AB0-4E93-9FCA-CD6E363EF0F2}"
EndProject
Project("{8BC9CEB8-8B4A-11D0-8D11-00A0C91BC942}") = "Mediator", "Mediator\Mediator.vcxproj", "{D9C77108-D86D-4F6D-8E17-0113D53A139D}"
EndProject
Project("{8BC9CEB8-8B4A-11D0-8D11-00A0C91BC942}") = "Command", "Command\Command.vcxproj", "{15A09590-B320-4F55-915F-5FEB3EA636E4}"
EndProject
Project("{8BC9CEB8-8B4A-11D0-8D11-00A0C91BC942}") = "Prototype", "Prototype\Prototype.vcxproj", "{24F8F2A3-9A00-4293-9A7C-FDDCB630F050}"
EndProject
Project("{8BC9CEB8-8B4A-11D0-8D11-00A0C91BC942}") = "VirtualConstructor", "VirtualConstructor\VirtualConstructor.vcxproj", "{6EAABCF0-8116-4EF0-9D84-033BC2A158BD}"
EndProject
Project("{8BC9CEB8-8B4A-11D0-8D11-00A0C91BC942}") = "Observer", "Observer\Observer.vcxproj", "{86CF1F16-21D1-4475-BC2A-B73E7D0BC4C3}"
EndProject
Project("{8BC9CEB8-8B4A-11D0-8D11-00A0C91BC942}") = "Composite", "Composite\Composite.vcxproj", "{37CA52C7-6F2F-4530-A6F8-08DC889DC9E6}"
EndProject
Project("{8BC9CEB8-8B4A-11D0-8D11-00A0C91BC942}") = "Iterator", "Iterator\Iterator.vcxproj", "{99CA5A5B-6A99-4DF9-B969-A305484FA5D3}"
EndProject
Project("{8BC9CEB8-8B4A-11D0-8D11-00A0C91BC942}") = "TemplateMethod", "TemplateMethod\TemplateMethod.vcxproj", "{2A5A7005-2F81-485C-807F-C76D333B589B}"
EndProject
Project("{8BC9CEB8-8B4A-11D0-8D11-00A0C91BC942}") = "Interpreter", "Interpreter\Interpreter.vcxproj", "{3800A55C-0D38-442E-8614-49CE78BE59D2}"
EndProject
Project("{8BC9CEB8-8B4A-11D0-8D11-00A0C91BC942}") = "Memento", "Memento\Memento.vcxproj", "{6B2C4FD6-65E4-44E8-B67A-6C1BA21525A0}"
EndProject
Project("{8BC9CEB8-8B4A-11D0-8D11-00A0C91BC942}") = "Flyweight", "Flyweight\Flyweight.vcxproj", "{C3489B88-30A3-4AAE-BA8D-1915CF23AEE9}"
EndProject
Project("{8BC9CEB8-8B4A-11D0-8D11-00A0C91BC942}") = "Builder", "Builder\Builder.vcxproj", "{46E5AFFC-3B6E-493B-9DF9-340ACADB1062}"
EndProject
Project("{8BC9CEB8-8B4A-11D0-8D11-00A0C91BC942}") = "AbstractFactory", "AbstractFactory\AbstractFactory.vcxproj", "{BBB75946-20D1-4948-9D60-3090E95895B3}"
EndProject
Project("{8BC9CEB8-8B4A-11D0-8D11-00A0C91BC942}") = "FactoryMethod", "FactoryMethod\FactoryMethod.vcxproj", "{918B3968-307D-45AF-9232-A9301930A445}"
EndProject
Project("{2150E333-8FDC-42A3-9474-1A3956D46DE8}") = "Solution Items", "Solution Items", "{536C960D-CB6C-4625-AE99-4F968B92046B}"
	ProjectSection(SolutionItems) = preProject
		.editorconfig = .editorconfig
		Doxygen\Doxyfile = Doxygen\Doxyfile
		Doxygen\MainPage.dox = Doxygen\MainPage.dox
		README.md = README.md
		Doxygen\Sample.dox = Doxygen\Sample.dox
	EndProjectSection
EndProject
Project("{8BC9CEB8-8B4A-11D0-8D11-00A0C91BC942}") = "PrimitiveDesign", "PrimitiveDesign\PrimitiveDesign.vcxproj", "{1382B200-7A25-4E2A-9AA2-A8B536F01DC3}"
EndProject
Global
	GlobalSection(SolutionConfigurationPlatforms) = preSolution
		Debug|x64 = Debug|x64
		Debug|x86 = Debug|x86
		Release|x64 = Release|x64
		Release|x86 = Release|x86
	EndGlobalSection
	GlobalSection(ProjectConfigurationPlatforms) = postSolution
		{F8F60317-5F2F-4A89-ABC5-A2C3CB4856EF}.Debug|x64.ActiveCfg = Debug|x64
		{F8F60317-5F2F-4A89-ABC5-A2C3CB4856EF}.Debug|x64.Build.0 = Debug|x64
		{F8F60317-5F2F-4A89-ABC5-A2C3CB4856EF}.Debug|x86.ActiveCfg = Debug|Win32
		{F8F60317-5F2F-4A89-ABC5-A2C3CB4856EF}.Debug|x86.Build.0 = Debug|Win32
		{F8F60317-5F2F-4A89-ABC5-A2C3CB4856EF}.Release|x64.ActiveCfg = Release|x64
		{F8F60317-5F2F-4A89-ABC5-A2C3CB4856EF}.Release|x64.Build.0 = Release|x64
		{F8F60317-5F2F-4A89-ABC5-A2C3CB4856EF}.Release|x86.ActiveCfg = Release|Win32
		{F8F60317-5F2F-4A89-ABC5-A2C3CB4856EF}.Release|x86.Build.0 = Release|Win32
		{DC179D9F-E8C0-427C-8944-3AD108DB4412}.Debug|x64.ActiveCfg = Debug|x64
		{DC179D9F-E8C0-427C-8944-3AD108DB4412}.Debug|x64.Build.0 = Debug|x64
		{DC179D9F-E8C0-427C-8944-3AD108DB4412}.Debug|x86.ActiveCfg = Debug|Win32
		{DC179D9F-E8C0-427C-8944-3AD108DB4412}.Debug|x86.Build.0 = Debug|Win32
		{DC179D9F-E8C0-427C-8944-3AD108DB4412}.Release|x64.ActiveCfg = Release|x64
		{DC179D9F-E8C0-427C-8944-3AD108DB4412}.Release|x64.Build.0 = Release|x64
		{DC179D9F-E8C0-427C-8944-3AD108DB4412}.Release|x86.ActiveCfg = Release|Win32
		{DC179D9F-E8C0-427C-8944-3AD108DB4412}.Release|x86.Build.0 = Release|Win32
		{B24CD89E-A57B-40AA-9187-5445AC78E573}.Debug|x64.ActiveCfg = Debug|x64
		{B24CD89E-A57B-40AA-9187-5445AC78E573}.Debug|x64.Build.0 = Debug|x64
		{B24CD89E-A57B-40AA-9187-5445AC78E573}.Debug|x86.ActiveCfg = Debug|Win32
		{B24CD89E-A57B-40AA-9187-5445AC78E573}.Debug|x86.Build.0 = Debug|Win32
		{B24CD89E-A57B-40AA-9187-5445AC78E573}.Release|x64.ActiveCfg = Release|x64
		{B24CD89E-A57B-40AA-9187-5445AC78E573}.Release|x64.Build.0 = Release|x64
		{B24CD89E-A57B-40AA-9187-5445AC78E573}.Release|x86.ActiveCfg = Release|Win32
		{B24CD89E-A57B-40AA-9187-5445AC78E573}.Release|x86.Build.0 = Release|Win32
		{852369A0-678A-4D2F-9A0A-7400E445DD8C}.Debug|x64.ActiveCfg = Debug|x64
		{852369A0-678A-4D2F-9A0A-7400E445DD8C}.Debug|x64.Build.0 = Debug|x64
		{852369A0-678A-4D2F-9A0A-7400E445DD8C}.Debug|x86.ActiveCfg = Debug|Win32
		{852369A0-678A-4D2F-9A0A-7400E445DD8C}.Debug|x86.Build.0 = Debug|Win32
		{852369A0-678A-4D2F-9A0A-7400E445DD8C}.Release|x64.ActiveCfg = Release|x64
		{852369A0-678A-4D2F-9A0A-7400E445DD8C}.Release|x64.Build.0 = Release|x64
		{852369A0-678A-4D2F-9A0A-7400E445DD8C}.Release|x86.ActiveCfg = Release|Win32
		{852369A0-678A-4D2F-9A0A-7400E445DD8C}.Release|x86.Build.0 = Release|Win32
		{636D2C5D-9920-4C6E-85C4-41CAC8473FB0}.Debug|x64.ActiveCfg = Debug|x64
		{636D2C5D-9920-4C6E-85C4-41CAC8473FB0}.Debug|x64.Build.0 = Debug|x64
		{636D2C5D-9920-4C6E-85C4-41CAC8473FB0}.Debug|x86.ActiveCfg = Debug|Win32
		{636D2C5D-9920-4C6E-85C4-41CAC8473FB0}.Debug|x86.Build.0 = Debug|Win32
		{636D2C5D-9920-4C6E-85C4-41CAC8473FB0}.Release|x64.ActiveCfg = Release|x64
		{636D2C5D-9920-4C6E-85C4-41CAC8473FB0}.Release|x64.Build.0 = Release|x64
		{636D2C5D-9920-4C6E-85C4-41CAC8473FB0}.Release|x86.ActiveCfg = Release|Win32
		{636D2C5D-9920-4C6E-85C4-41CAC8473FB0}.Release|x86.Build.0 = Release|Win32
		{7C8682EE-F5D6-4FFB-B9BA-4A73506FE47B}.Debug|x64.ActiveCfg = Debug|x64
		{7C8682EE-F5D6-4FFB-B9BA-4A73506FE47B}.Debug|x64.Build.0 = Debug|x64
		{7C8682EE-F5D6-4FFB-B9BA-4A73506FE47B}.Debug|x86.ActiveCfg = Debug|Win32
		{7C8682EE-F5D6-4FFB-B9BA-4A73506FE47B}.Debug|x86.Build.0 = Debug|Win32
		{7C8682EE-F5D6-4FFB-B9BA-4A73506FE47B}.Release|x64.ActiveCfg = Release|x64
		{7C8682EE-F5D6-4FFB-B9BA-4A73506FE47B}.Release|x64.Build.0 = Release|x64
		{7C8682EE-F5D6-4FFB-B9BA-4A73506FE47B}.Release|x86.ActiveCfg = Release|Win32
		{7C8682EE-F5D6-4FFB-B9BA-4A73506FE47B}.Release|x86.Build.0 = Release|Win32
		{92EF03C1-A870-46FD-A5D5-65ABEFEA47D4}.Debug|x64.ActiveCfg = Debug|x64
		{92EF03C1-A870-46FD-A5D5-65ABEFEA47D4}.Debug|x64.Build.0 = Debug|x64
		{92EF03C1-A870-46FD-A5D5-65ABEFEA47D4}.Debug|x86.ActiveCfg = Debug|Win32
		{92EF03C1-A870-46FD-A5D5-65ABEFEA47D4}.Debug|x86.Build.0 = Debug|Win32
		{92EF03C1-A870-46FD-A5D5-65ABEFEA47D4}.Release|x64.ActiveCfg = Release|x64
		{92EF03C1-A870-46FD-A5D5-65ABEFEA47D4}.Release|x64.Build.0 = Release|x64
		{92EF03C1-A870-46FD-A5D5-65ABEFEA47D4}.Release|x86.ActiveCfg = Release|Win32
		{92EF03C1-A870-46FD-A5D5-65ABEFEA47D4}.Release|x86.Build.0 = Release|Win32
		{54309962-8D07-4B14-9127-CE04182E6F7A}.Debug|x64.ActiveCfg = Debug|x64
		{54309962-8D07-4B14-9127-CE04182E6F7A}.Debug|x64.Build.0 = Debug|x64
		{54309962-8D07-4B14-9127-CE04182E6F7A}.Debug|x86.ActiveCfg = Debug|Win32
		{54309962-8D07-4B14-9127-CE04182E6F7A}.Debug|x86.Build.0 = Debug|Win32
		{54309962-8D07-4B14-9127-CE04182E6F7A}.Release|x64.ActiveCfg = Release|x64
		{54309962-8D07-4B14-9127-CE04182E6F7A}.Release|x64.Build.0 = Release|x64
		{54309962-8D07-4B14-9127-CE04182E6F7A}.Release|x86.ActiveCfg = Release|Win32
		{54309962-8D07-4B14-9127-CE04182E6F7A}.Release|x86.Build.0 = Release|Win32
		{0BCFB2B3-9F54-43E7-99F4-5D8C756A6E68}.Debug|x64.ActiveCfg = Debug|x64
		{0BCFB2B3-9F54-43E7-99F4-5D8C756A6E68}.Debug|x64.Build.0 = Debug|x64
		{0BCFB2B3-9F54-43E7-99F4-5D8C756A6E68}.Debug|x86.ActiveCfg = Debug|Win32
		{0BCFB2B3-9F54-43E7-99F4-5D8C756A6E68}.Debug|x86.Build.0 = Debug|Win32
		{0BCFB2B3-9F54-43E7-99F4-5D8C756A6E68}.Release|x64.ActiveCfg = Release|x64
		{0BCFB2B3-9F54-43E7-99F4-5D8C756A6E68}.Release|x64.Build.0 = Release|x64
		{0BCFB2B3-9F54-43E7-99F4-5D8C756A6E68}.Release|x86.ActiveCfg = Release|Win32
		{0BCFB2B3-9F54-43E7-99F4-5D8C756A6E68}.Release|x86.Build.0 = Release|Win32
		{4AC02B92-1AB0-4E93-9FCA-CD6E363EF0F2}.Debug|x64.ActiveCfg = Debug|x64
		{4AC02B92-1AB0-4E93-9FCA-CD6E363EF0F2}.Debug|x64.Build.0 = Debug|x64
		{4AC02B92-1AB0-4E93-9FCA-CD6E363EF0F2}.Debug|x86.ActiveCfg = Debug|Win32
		{4AC02B92-1AB0-4E93-9FCA-CD6E363EF0F2}.Debug|x86.Build.0 = Debug|Win32
		{4AC02B92-1AB0-4E93-9FCA-CD6E363EF0F2}.Release|x64.ActiveCfg = Release|x64
		{4AC02B92-1AB0-4E93-9FCA-CD6E363EF0F2}.Release|x64.Build.0 = Release|x64
		{4AC02B92-1AB0-4E93-9FCA-CD6E363EF0F2}.Release|x86.ActiveCfg = Release|Win32
		{4AC02B92-1AB0-4E93-9FCA-CD6E363EF0F2}.Release|x86.Build.0 = Release|Win32
		{D9C77108-D86D-4F6D-8E17-0113D53A139D}.Debug|x64.ActiveCfg = Debug|x64
		{D9C77108-D86D-4F6D-8E17-0113D53A139D}.Debug|x64.Build.0 = Debug|x64
		{D9C77108-D86D-4F6D-8E17-0113D53A139D}.Debug|x86.ActiveCfg = Debug|Win32
		{D9C77108-D86D-4F6D-8E17-0113D53A139D}.Debug|x86.Build.0 = Debug|Win32
		{D9C77108-D86D-4F6D-8E17-0113D53A139D}.Release|x64.ActiveCfg = Release|x64
		{D9C77108-D86D-4F6D-8E17-0113D53A139D}.Release|x64.Build.0 = Release|x64
		{D9C77108-D86D-4F6D-8E17-0113D53A139D}.Release|x86.ActiveCfg = Release|Win32
		{D9C77108-D86D-4F6D-8E17-0113D53A139D}.Release|x86.Build.0 = Release|Win32
		{15A09590-B320-4F55-915F-5FEB3EA636E4}.Debug|x64.ActiveCfg = Debug|x64
		{15A09590-B320-4F55-915F-5FEB3EA636E4}.Debug|x64.Build.0 = Debug|x64
		{15A09590-B320-4F55-915F-5FEB3EA636E4}.Debug|x86.ActiveCfg = Debug|Win32
		{15A09590-B320-4F55-915F-5FEB3EA636E4}.Debug|x86.Build.0 = Debug|Win32
		{15A09590-B320-4F55-915F-5FEB3EA636E4}.Release|x64.ActiveCfg = Release|x64
		{15A09590-B320-4F55-915F-5FEB3EA636E4}.Release|x64.Build.0 = Release|x64
		{15A09590-B320-4F55-915F-5FEB3EA636E4}.Release|x86.ActiveCfg = Release|Win32
		{15A09590-B320-4F55-915F-5FEB3EA636E4}.Release|x86.Build.0 = Release|Win32
		{24F8F2A3-9A00-4293-9A7C-FDDCB630F050}.Debug|x64.ActiveCfg = Debug|x64
		{24F8F2A3-9A00-4293-9A7C-FDDCB630F050}.Debug|x64.Build.0 = Debug|x64
		{24F8F2A3-9A00-4293-9A7C-FDDCB630F050}.Debug|x86.ActiveCfg = Debug|Win32
		{24F8F2A3-9A00-4293-9A7C-FDDCB630F050}.Debug|x86.Build.0 = Debug|Win32
		{24F8F2A3-9A00-4293-9A7C-FDDCB630F050}.Release|x64.ActiveCfg = Release|x64
		{24F8F2A3-9A00-4293-9A7C-FDDCB630F050}.Release|x64.Build.0 = Release|x64
		{24F8F2A3-9A00-4293-9A7C-FDDCB630F050}.Release|x86.ActiveCfg = Release|Win32
		{24F8F2A3-9A00-4293-9A7C-FDDCB630F050}.Release|x86.Build.0 = Release|Win32
		{6EAABCF0-8116-4EF0-9D84-033BC2A158BD}.Debug|x64.ActiveCfg = Debug|x64
		{6EAABCF0-8116-4EF0-9D84-033BC2A158BD}.Debug|x64.Build.0 = Debug|x64
		{6EAABCF0-8116-4EF0-9D84-033BC2A158BD}.Debug|x86.ActiveCfg = Debug|Win32
		{6EAABCF0-8116-4EF0-9D84-033BC2A158BD}.Debug|x86.Build.0 = Debug|Win32
		{6EAABCF0-8116-4EF0-9D84-033BC2A158BD}.Release|x64.ActiveCfg = Release|x64
		{6EAABCF0-8116-4EF0-9D84-033BC2A158BD}.Release|x64.Build.0 = Release|x64
		{6EAABCF0-8116-4EF0-9D84-033BC2A158BD}.Release|x86.ActiveCfg = Release|Win32
		{6EAABCF0-8116-4EF0-9D84-033BC2A158BD}.Release|x86.Build.0 = Release|Win32
		{86CF1F16-21D1-4475-BC2A-B73E7D0BC4C3}.Debug|x64.ActiveCfg = Debug|x64
		{86CF1F16-21D1-4475-BC2A-B73E7D0BC4C3}.Debug|x64.Build.0 = Debug|x64
		{86CF1F16-21D1-4475-BC2A-B73E7D0BC4C3}.Debug|x86.ActiveCfg = Debug|Win32
		{86CF1F16-21D1-4475-BC2A-B73E7D0BC4C3}.Debug|x86.Build.0 = Debug|Win32
		{86CF1F16-21D1-4475-BC2A-B73E7D0BC4C3}.Release|x64.ActiveCfg = Release|x64
		{86CF1F16-21D1-4475-BC2A-B73E7D0BC4C3}.Release|x64.Build.0 = Release|x64
		{86CF1F16-21D1-4475-BC2A-B73E7D0BC4C3}.Release|x86.ActiveCfg = Release|Win32
		{86CF1F16-21D1-4475-BC2A-B73E7D0BC4C3}.Release|x86.Build.0 = Release|Win32
		{37CA52C7-6F2F-4530-A6F8-08DC889DC9E6}.Debug|x64.ActiveCfg = Debug|x64
		{37CA52C7-6F2F-4530-A6F8-08DC889DC9E6}.Debug|x64.Build.0 = Debug|x64
		{37CA52C7-6F2F-4530-A6F8-08DC889DC9E6}.Debug|x86.ActiveCfg = Debug|Win32
		{37CA52C7-6F2F-4530-A6F8-08DC889DC9E6}.Debug|x86.Build.0 = Debug|Win32
		{37CA52C7-6F2F-4530-A6F8-08DC889DC9E6}.Release|x64.ActiveCfg = Release|x64
		{37CA52C7-6F2F-4530-A6F8-08DC889DC9E6}.Release|x64.Build.0 = Release|x64
		{37CA52C7-6F2F-4530-A6F8-08DC889DC9E6}.Release|x86.ActiveCfg = Release|Win32
		{37CA52C7-6F2F-4530-A6F8-08DC889DC9E6}.Release|x86.Build.0 = Release|Win32
		{99CA5A5B-6A99-4DF9-B969-A305484FA5D3}.Debug|x64.ActiveCfg = Debug|x64
		{99CA5A5B-6A99-4DF9-B969-A305484FA5D3}.Debug|x64.Build.0 = Debug|x64
		{99CA5A5B-6A99-4DF9-B969-A305484FA5D3}.Debug|x86.ActiveCfg = Debug|Win32
		{99CA5A5B-6A99-4DF9-B969-A305484FA5D3}.Debug|x86.Build.0 = Debug|Win32
		{99CA5A5B-6A99-4DF9-B969-A305484FA5D3}.Release|x64.ActiveCfg = Release|x64
		{99CA5A5B-6A99-4DF9-B969-A305484FA5D3}.Release|x64.Build.0 = Release|x64
		{99CA5A5B-6A99-4DF9-B969-A305484FA5D3}.Release|x86.ActiveCfg = Release|Win32
		{99CA5A5B-6A99-4DF9-B969-A305484FA5D3}.Release|x86.Build.0 = Release|Win32
		{2A5A7005-2F81-485C-807F-C76D333B589B}.Debug|x64.ActiveCfg = Debug|x64
		{2A5A7005-2F81-485C-807F-C76D333B589B}.Debug|x64.Build.0 = Debug|x64
		{2A5A7005-2F81-485C-807F-C76D333B589B}.Debug|x86.ActiveCfg = Debug|Win32
		{2A5A7005-2F81-485C-807F-C76D333B589B}.Debug|x86.Build.0 = Debug|Win32
		{2A5A7005-2F81-485C-807F-C76D333B589B}.Release|x64.ActiveCfg = Release|x64
		{2A5A7005-2F81-485C-807F-C76D333B589B}.Release|x64.Build.0 = Release|x64
		{2A5A7005-2F81-485C-807F-C76D333B589B}.Release|x86.ActiveCfg = Release|Win32
		{2A5A7005-2F81-485C-807F-C76D333B589B}.Release|x86.Build.0 = Release|Win32
		{3800A55C-0D38-442E-8614-49CE78BE59D2}.Debug|x64.ActiveCfg = Debug|x64
		{3800A55C-0D38-442E-8614-49CE78BE59D2}.Debug|x64.Build.0 = Debug|x64
		{3800A55C-0D38-442E-8614-49CE78BE59D2}.Debug|x86.ActiveCfg = Debug|Win32
		{3800A55C-0D38-442E-8614-49CE78BE59D2}.Debug|x86.Build.0 = Debug|Win32
		{3800A55C-0D38-442E-8614-49CE78BE59D2}.Release|x64.ActiveCfg = Release|x64
		{3800A55C-0D38-442E-8614-49CE78BE59D2}.Release|x64.Build.0 = Release|x64
		{3800A55C-0D38-442E-8614-49CE78BE59D2}.Release|x86.ActiveCfg = Release|Win32
		{3800A55C-0D38-442E-8614-49CE78BE59D2}.Release|x86.Build.0 = Release|Win32
		{6B2C4FD6-65E4-44E8-B67A-6C1BA21525A0}.Debug|x64.ActiveCfg = Debug|x64
		{6B2C4FD6-65E4-44E8-B67A-6C1BA21525A0}.Debug|x64.Build.0 = Debug|x64
		{6B2C4FD6-65E4-44E8-B67A-6C1BA21525A0}.Debug|x86.ActiveCfg = Debug|Win32
		{6B2C4FD6-65E4-44E8-B67A-6C1BA21525A0}.Debug|x86.Build.0 = Debug|Win32
		{6B2C4FD6-65E4-44E8-B67A-6C1BA21525A0}.Release|x64.ActiveCfg = Release|x64
		{6B2C4FD6-65E4-44E8-B67A-6C1BA21525A0}.Release|x64.Build.0 = Release|x64
		{6B2C4FD6-65E4-44E8-B67A-6C1BA21525A0}.Release|x86.ActiveCfg = Release|Win32
		{6B2C4FD6-65E4-44E8-B67A-6C1BA21525A0}.Release|x86.Build.0 = Release|Win32
		{C3489B88-30A3-4AAE-BA8D-1915CF23AEE9}.Debug|x64.ActiveCfg = Debug|x64
		{C3489B88-30A3-4AAE-BA8D-1915CF23AEE9}.Debug|x64.Build.0 = Debug|x64
		{C3489B88-30A3-4AAE-BA8D-1915CF23AEE9}.Debug|x86.ActiveCfg = Debug|Win32
		{C3489B88-30A3-4AAE-BA8D-1915CF23AEE9}.Debug|x86.Build.0 = Debug|Win32
		{C3489B88-30A3-4AAE-BA8D-1915CF23AEE9}.Release|x64.ActiveCfg = Release|x64
		{C3489B88-30A3-4AAE-BA8D-1915CF23AEE9}.Release|x64.Build.0 = Release|x64
		{C3489B88-30A3-4AAE-BA8D-1915CF23AEE9}.Release|x86.ActiveCfg = Release|Win32
		{C3489B88-30A3-4AAE-BA8D-1915CF23AEE9}.Release|x86.Build.0 = Release|Win32
		{46E5AFFC-3B6E-493B-9DF9-340ACADB1062}.Debug|x64.ActiveCfg = Debug|x64
		{46E5AFFC-3B6E-493B-9DF9-340ACADB1062}.Debug|x64.Build.0 = Debug|x64
		{46E5AFFC-3B6E-493B-9DF9-340ACADB1062}.Debug|x86.ActiveCfg = Debug|Win32
		{46E5AFFC-3B6E-493B-9DF9-340ACADB1062}.Debug|x86.Build.0 = Debug|Win32
		{46E5AFFC-3B6E-493B-9DF9-340ACADB1062}.Release|x64.ActiveCfg = Release|x64
		{46E5AFFC-3B6E-493B-9DF9-340ACADB1062}.Release|x64.Build.0 = Release|x64
		{46E5AFFC-3B6E-493B-9DF9-340ACADB1062}.Release|x86.ActiveCfg = Release|Win32
		{46E5AFFC-3B6E-493B-9DF9-340ACADB1062}.Release|x86.Build.0 = Release|Win32
		{BBB75946-20D1-4948-9D60-3090E95895B3}.Debug|x64.ActiveCfg = Debug|x64
		{BBB75946-20D1-4948-9D60-3090E95895B3}.Debug|x64.Build.0 = Debug|x64
		{BBB75946-20D1-4948-9D60-3090E95895B3}.Debug|x86.ActiveCfg = Debug|Win32
		{BBB75946-20D1-4948-9D60-3090E95895B3}.Debug|x86.Build.0 = Debug|Win32
		{BBB75946-20D1-4948-9D60-3090E95895B3}.Release|x64.ActiveCfg = Release|x64
		{BBB75946-20D1-4948-9D60-3090E95895B3}.Release|x64.Build.0 = Release|x64
		{BBB75946-20D1-4948-9D60-3090E95895B3}.Release|x86.ActiveCfg = Release|Win32
		{BBB75946-20D1-4948-9D60-3090E95895B3}.Release|x86.Build.0 = Release|Win32
		{918B3968-307D-45AF-9232-A9301930A445}.Debug|x64.ActiveCfg = Debug|x64
		{918B3968-307D-45AF-9232-A9301930A445}.Debug|x64.Build.0 = Debug|x64
		{918B3968-307D-45AF-9232-A9301930A445}.Debug|x86.ActiveCfg = Debug|Win32
		{918B3968-307D-45AF-9232-A9301930A445}.Debug|x86.Build.0 = Debug|Win32
		{918B3968-307D-45AF-9232-A9301930A445}.Release|x64.ActiveCfg = Release|x64
		{918B3968-307D-45AF-9232-A9301930A445}.Release|x64.Build.0 = Release|x64
		{918B3968-307D-45AF-9232-A9301930A445}.Release|x86.ActiveCfg = Release|Win32
		{918B3968-307D-45AF-9232-A9301930A445}.Release|x86.Build.0 = Release|Win32
		{1382B200-7A25-4E2A-9AA2-A8B536F01DC3}.Debug|x64.ActiveCfg = Debug|x64
		{1382B200-7A25-4E2A-9AA2-A8B536F01DC3}.Debug|x64.Build.0 = Debug|x64
		{1382B200-7A25-4E2A-9AA2-A8B536F01DC3}.Debug|x86.ActiveCfg = Debug|Win32
		{1382B200-7A25-4E2A-9AA2-A8B536F01DC3}.Debug|x86.Build.0 = Debug|Win32
		{1382B200-7A25-4E2A-9AA2-A8B536F01DC3}.Release|x64.ActiveCfg = Release|x64
		{1382B200-7A25-4E2A-9AA2-A8B536F01DC3}.Release|x64.Build.0 = Release|x64
		{1382B200-7A25-4E2A-9AA2-A8B536F01DC3}.Release|x86.ActiveCfg = Release|Win32
		{1382B200-7A25-4E2A-9AA2-A8B536F01DC3}.Release|x86.Build.0 = Release|Win32
	EndGlobalSection
	GlobalSection(SolutionProperties) = preSolution
		HideSolutionNode = FALSE
	EndGlobalSection
	GlobalSection(ExtensibilityGlobals) = postSolution
		SolutionGuid = {52BACB91-FF5E-46EC-AAA1-045789CD0199}
	EndGlobalSection
EndGlobal
