<?xml version="1.0" encoding="utf-8"?>
<Project ToolsVersion="4.0" xmlns="http://schemas.microsoft.com/developer/msbuild/2003">
  <ItemGroup>
    <Filter Include="ソース ファイル">
      <UniqueIdentifier>{4FC737F1-C7A5-4376-A066-2A32D752A2FF}</UniqueIdentifier>
      <Extensions>cpp;c;cc;cxx;c++;cppm;ixx;def;odl;idl;hpj;bat;asm;asmx</Extensions>
    </Filter>
    <Filter Include="ヘッダー ファイル">
      <UniqueIdentifier>{93995380-89BD-4b04-88EB-625FBE52EBFB}</UniqueIdentifier>
      <Extensions>h;hh;hpp;hxx;h++;hm;inl;inc;ipp;xsd</Extensions>
    </Filter>
    <Filter Include="Markdown">
      <UniqueIdentifier>{7344df7b-5713-427f-9917-1e5306cc2594}</UniqueIdentifier>
      <Extensions>*.md</Extensions>
    </Filter>
  </ItemGroup>
  <ItemGroup>
    <ClCompile Include="Main.cpp">
      <Filter>ソース ファイル</Filter>
    </ClCompile>
  </ItemGroup>
  <ItemGroup>
    <ClInclude Include="Builder.h">
      <Filter>ヘッダー ファイル</Filter>
    </ClInclude>
    <ClInclude Include="AbstractFactory.h">
      <Filter>ヘッダー ファイル</Filter>
    </ClInclude>
    <ClInclude Include="FactoryMethod.h">
      <Filter>ヘッダー ファイル</Filter>
    </ClInclude>
    <ClInclude Include="Prototype.h">
      <Filter>ヘッダー ファイル</Filter>
    </ClInclude>
    <ClInclude Include="Singleton.h">
      <Filter>ヘッダー ファイル</Filter>
    </ClInclude>
    <ClInclude Include="Adapter.h">
      <Filter>ヘッダー ファイル</Filter>
    </ClInclude>
    <ClInclude Include="Bridge.h">
      <Filter>ヘッダー ファイル</Filter>
    </ClInclude>
    <ClInclude Include="Composite.h">
      <Filter>ヘッダー ファイル</Filter>
    </ClInclude>
    <ClInclude Include="Decorator.h">
      <Filter>ヘッダー ファイル</Filter>
    </ClInclude>
    <ClInclude Include="Proxy.h">
      <Filter>ヘッダー ファイル</Filter>
    </ClInclude>
    <ClInclude Include="ChainOfResponsibility.h">
      <Filter>ヘッダー ファイル</Filter>
    </ClInclude>
    <ClInclude Include="Command.h">
      <Filter>ヘッダー ファイル</Filter>
    </ClInclude>
    <ClInclude Include="Iterator.h">
      <Filter>ヘッダー ファイル</Filter>
    </ClInclude>
    <ClInclude Include="Mediator.h">
      <Filter>ヘッダー ファイル</Filter>
    </ClInclude>
    <ClInclude Include="Memento.h">
      <Filter>ヘッダー ファイル</Filter>
    </ClInclude>
    <ClInclude Include="Observer.h">
      <Filter>ヘッダー ファイル</Filter>
    </ClInclude>
    <ClInclude Include="State.h">
      <Filter>ヘッダー ファイル</Filter>
    </ClInclude>
    <ClInclude Include="Strategy.h">
      <Filter>ヘッダー ファイル</Filter>
    </ClInclude>
    <ClInclude Include="TemplateMethod.h">
      <Filter>ヘッダー ファイル</Filter>
    </ClInclude>
    <ClInclude Include="Visitor.h">
      <Filter>ヘッダー ファイル</Filter>
    </ClInclude>
    <ClInclude Include="Flyweight.h">
      <Filter>ヘッダー ファイル</Filter>
    </ClInclude>
  </ItemGroup>
  <ItemGroup>
    <None Include="AbstractFactory.md">
      <Filter>Markdown</Filter>
    </None>
    <None Include="Adapter.md">
      <Filter>Markdown</Filter>
    </None>
    <None Include="Readme.md">
      <Filter>Markdown</Filter>
    </None>
    <None Include="Bridge.md">
      <Filter>Markdown</Filter>
    </None>
    <None Include="Builder.md">
      <Filter>Markdown</Filter>
    </None>
    <None Include="ChainOfResponsibility.md">
      <Filter>Markdown</Filter>
    </None>
    <None Include="Command.md">
      <Filter>Markdown</Filter>
    </None>
    <None Include="Flyweight.md">
      <Filter>Markdown</Filter>
    </None>
    <None Include="Composite.md">
      <Filter>Markdown</Filter>
    </None>
    <None Include="Decorator.md">
      <Filter>Markdown</Filter>
    </None>
    <None Include="FactoryMethod.md">
      <Filter>Markdown</Filter>
    </None>
    <None Include="Iterator.md">
      <Filter>Markdown</Filter>
    </None>
    <None Include="Mediator.md">
      <Filter>Markdown</Filter>
    </None>
    <None Include="Memento.md">
      <Filter>Markdown</Filter>
    </None>
    <None Include="Observer.md">
      <Filter>Markdown</Filter>
    </None>
    <None Include="Prototype.md">
      <Filter>Markdown</Filter>
    </None>
    <None Include="Proxy.md">
      <Filter>Markdown</Filter>
    </None>
    <None Include="Singleton.md">
      <Filter>Markdown</Filter>
    </None>
    <None Include="State.md">
      <Filter>Markdown</Filter>
    </None>
    <None Include="Strategy.md">
      <Filter>Markdown</Filter>
    </None>
    <None Include="TemplateMethod.md">
      <Filter>Markdown</Filter>
    </None>
    <None Include="Visitor.md">
      <Filter>Markdown</Filter>
    </None>
  </ItemGroup>
</Project>